
Microsoft Visual Studio Solution File, Format Version 12.00
# Visual Studio Version 17
VisualStudioVersion = 17.5.33530.505
MinimumVisualStudioVersion = 10.0.40219.1
Project("{FAE04EC0-301F-11D3-BF4B-00C04F79EFBC}") = "EstacionamentoWindowsForms", "EstacionamentoWindowsForms.csproj", "{4EB1E8E8-6236-4E07-BE1A-7C673B6AB0EB}"
	ProjectSection(ProjectDependencies) = postProject
		{566D43AE-18FD-4051-B484-D188CC406EAC} = {566D43AE-18FD-4051-B484-D188CC406EAC}
	EndProjectSection
EndProject
Project("{FAE04EC0-301F-11D3-BF4B-00C04F79EFBC}") = "Estacionamento.Domain", "..\Estacionamento.Domain\Estacionamento.Domain.csproj", "{566D43AE-18FD-4051-B484-D188CC406EAC}"
EndProject
Global
	GlobalSection(SolutionConfigurationPlatforms) = preSolution
		Debug|Any CPU = Debug|Any CPU
		Release|Any CPU = Release|Any CPU
	EndGlobalSection
	GlobalSection(ProjectConfigurationPlatforms) = postSolution
		{4EB1E8E8-6236-4E07-BE1A-7C673B6AB0EB}.Debug|Any CPU.ActiveCfg = Debug|Any CPU
		{4EB1E8E8-6236-4E07-BE1A-7C673B6AB0EB}.Debug|Any CPU.Build.0 = Debug|Any CPU
		{4EB1E8E8-6236-4E07-BE1A-7C673B6AB0EB}.Release|Any CPU.ActiveCfg = Release|Any CPU
		{4EB1E8E8-6236-4E07-BE1A-7C673B6AB0EB}.Release|Any CPU.Build.0 = Release|Any CPU
		{566D43AE-18FD-4051-B484-D188CC406EAC}.Debug|Any CPU.ActiveCfg = Debug|Any CPU
		{566D43AE-18FD-4051-B484-D188CC406EAC}.Debug|Any CPU.Build.0 = Debug|Any CPU
		{566D43AE-18FD-4051-B484-D188CC406EAC}.Release|Any CPU.ActiveCfg = Release|Any CPU
		{566D43AE-18FD-4051-B484-D188CC406EAC}.Release|Any CPU.Build.0 = Release|Any CPU
	EndGlobalSection
	GlobalSection(SolutionProperties) = preSolution
		HideSolutionNode = FALSE
	EndGlobalSection
	GlobalSection(ExtensibilityGlobals) = postSolution
		SolutionGuid = {1B886D1A-1A6D-4707-A41D-BE7151BB1FA7}
	EndGlobalSection
EndGlobal
